
Microsoft Visual Studio Solution File, Format Version 12.00
# Visual Studio Version 16
VisualStudioVersion = 16.0.30011.22
MinimumVisualStudioVersion = 10.0.40219.1
Project("{9A19103F-16F7-4668-BE54-9A1E7A4F7556}") = "Gravity.Abstraction.Logging", "Gravity.Abstraction.Logging\Gravity.Abstraction.Logging.csproj", "{F37677B9-32AE-4CF1-A77B-297727857290}"
EndProject
Project("{2150E333-8FDC-42A3-9474-1A3956D46DE8}") = "Solution Items", "Solution Items", "{4BF5C2A6-4748-410A-B5BF-5A8AF0946A9F}"
	ProjectSection(SolutionItems) = preProject
		..\..\..\azure-pipelines-csharp.yml = ..\..\..\azure-pipelines-csharp.yml
		..\..\..\azure-settings.runsettings = ..\..\..\azure-settings.runsettings
		..\..\..\README.md = ..\..\..\README.md
	EndProjectSection
EndProject
Global
	GlobalSection(SolutionConfigurationPlatforms) = preSolution
		Debug|Any CPU = Debug|Any CPU
		Release|Any CPU = Release|Any CPU
	EndGlobalSection
	GlobalSection(ProjectConfigurationPlatforms) = postSolution
		{F37677B9-32AE-4CF1-A77B-297727857290}.Debug|Any CPU.ActiveCfg = Debug|Any CPU
		{F37677B9-32AE-4CF1-A77B-297727857290}.Debug|Any CPU.Build.0 = Debug|Any CPU
		{F37677B9-32AE-4CF1-A77B-297727857290}.Release|Any CPU.ActiveCfg = Release|Any CPU
		{F37677B9-32AE-4CF1-A77B-297727857290}.Release|Any CPU.Build.0 = Release|Any CPU
	EndGlobalSection
	GlobalSection(SolutionProperties) = preSolution
		HideSolutionNode = FALSE
	EndGlobalSection
	GlobalSection(ExtensibilityGlobals) = postSolution
		SolutionGuid = {F01E51D4-CCD0-4C73-A37F-D43866513D5F}
	EndGlobalSection
EndGlobal
